
Microsoft Visual Studio Solution File, Format Version 12.00
# Visual Studio Version 17
VisualStudioVersion = 17.2.32519.379
MinimumVisualStudioVersion = 10.0.40219.1
Project("{2150E333-8FDC-42A3-9474-1A3956D46DE8}") = "SolutionItems", "SolutionItems", "{27E75EBF-ED9E-4151-9606-AA837FB9BBAF}"
	ProjectSection(SolutionItems) = preProject
		README.md = README.md
	EndProjectSection
EndProject
Project("{2150E333-8FDC-42A3-9474-1A3956D46DE8}") = "src", "src", "{F298540A-82E2-4421-9525-BBAC087AE77C}"
EndProject
Project("{2150E333-8FDC-42A3-9474-1A3956D46DE8}") = "tests", "tests", "{CD2527C5-D6B4-4E6E-A878-FFE273B47511}"
EndProject
Project("{2150E333-8FDC-42A3-9474-1A3956D46DE8}") = ".github", ".github", "{1E302571-E1B1-4F11-AEA4-D318FAE86286}"
EndProject
Project("{2150E333-8FDC-42A3-9474-1A3956D46DE8}") = "workflows", "workflows", "{AAE6C860-0438-4BA9-A259-608AB9ED9CB9}"
	ProjectSection(SolutionItems) = preProject
		.github\workflows\pushOrPullRequest.yml = .github\workflows\pushOrPullRequest.yml
		.github\workflows\release.yml = .github\workflows\release.yml
		.github\workflows\releasePrerelease.yml = .github\workflows\releasePrerelease.yml
	EndProjectSection
EndProject
Project("{2150E333-8FDC-42A3-9474-1A3956D46DE8}") = "sample", "sample", "{ADBF5EA0-CA15-459C-8949-C3EA53590D25}"
EndProject
Project("{FAE04EC0-301F-11D3-BF4B-00C04F79EFBC}") = "Example", "sample\Example\Example.csproj", "{D4F57A44-30FE-471F-B62C-3D95FB8288FA}"
EndProject
Project("{9A19103F-16F7-4668-BE54-9A1E7A4F7556}") = "FormStreamedData", "src\FormStreamedData\FormStreamedData.csproj", "{673E218A-3181-4582-8C27-D614F22CA999}"
EndProject
Project("{9A19103F-16F7-4668-BE54-9A1E7A4F7556}") = "IntegrationTests", "tests\IntegrationTests\IntegrationTests.csproj", "{574D74ED-1FF9-400B-9810-38C991941D43}"
EndProject
Global
	GlobalSection(SolutionConfigurationPlatforms) = preSolution
		Debug|Any CPU = Debug|Any CPU
		Release|Any CPU = Release|Any CPU
	EndGlobalSection
	GlobalSection(ProjectConfigurationPlatforms) = postSolution
		{D4F57A44-30FE-471F-B62C-3D95FB8288FA}.Debug|Any CPU.ActiveCfg = Debug|Any CPU
		{D4F57A44-30FE-471F-B62C-3D95FB8288FA}.Debug|Any CPU.Build.0 = Debug|Any CPU
		{D4F57A44-30FE-471F-B62C-3D95FB8288FA}.Release|Any CPU.ActiveCfg = Release|Any CPU
		{D4F57A44-30FE-471F-B62C-3D95FB8288FA}.Release|Any CPU.Build.0 = Release|Any CPU
		{673E218A-3181-4582-8C27-D614F22CA999}.Debug|Any CPU.ActiveCfg = Debug|Any CPU
		{673E218A-3181-4582-8C27-D614F22CA999}.Debug|Any CPU.Build.0 = Debug|Any CPU
		{673E218A-3181-4582-8C27-D614F22CA999}.Release|Any CPU.ActiveCfg = Release|Any CPU
		{673E218A-3181-4582-8C27-D614F22CA999}.Release|Any CPU.Build.0 = Release|Any CPU
		{574D74ED-1FF9-400B-9810-38C991941D43}.Debug|Any CPU.ActiveCfg = Debug|Any CPU
		{574D74ED-1FF9-400B-9810-38C991941D43}.Debug|Any CPU.Build.0 = Debug|Any CPU
		{574D74ED-1FF9-400B-9810-38C991941D43}.Release|Any CPU.ActiveCfg = Release|Any CPU
		{574D74ED-1FF9-400B-9810-38C991941D43}.Release|Any CPU.Build.0 = Release|Any CPU
	EndGlobalSection
	GlobalSection(SolutionProperties) = preSolution
		HideSolutionNode = FALSE
	EndGlobalSection
	GlobalSection(NestedProjects) = preSolution
		{1E302571-E1B1-4F11-AEA4-D318FAE86286} = {27E75EBF-ED9E-4151-9606-AA837FB9BBAF}
		{AAE6C860-0438-4BA9-A259-608AB9ED9CB9} = {1E302571-E1B1-4F11-AEA4-D318FAE86286}
		{D4F57A44-30FE-471F-B62C-3D95FB8288FA} = {ADBF5EA0-CA15-459C-8949-C3EA53590D25}
		{673E218A-3181-4582-8C27-D614F22CA999} = {F298540A-82E2-4421-9525-BBAC087AE77C}
		{574D74ED-1FF9-400B-9810-38C991941D43} = {CD2527C5-D6B4-4E6E-A878-FFE273B47511}
	EndGlobalSection
	GlobalSection(ExtensibilityGlobals) = postSolution
		SolutionGuid = {C5A3EF0C-96D2-472C-A367-AB34B065DC56}
	EndGlobalSection
EndGlobal
